// !$*UTF8*$!
{
	archiveVersion = 1;
	classes = {
	};
	objectVersion = 77;
	objects = {

/* Begin PBXBuildFile section */
		40196D2A2E2146D8003579B6 /* TodoRepository.swift in Sources */ = {isa = PBXBuildFile; fileRef = 40196D282E2146D8003579B6 /* TodoRepository.swift */; };
		40196D2B2E2146D8003579B6 /* TodoRowView.swift in Sources */ = {isa = PBXBuildFile; fileRef = 40196D292E2146D8003579B6 /* TodoRowView.swift */; };
		40196D2C2E2146D8003579B6 /* ContentView.swift in Sources */ = {isa = PBXBuildFile; fileRef = 40196D1F2E2146D8003579B6 /* ContentView.swift */; };
		40196D2D2E2146D8003579B6 /* DIContainer.swift in Sources */ = {isa = PBXBuildFile; fileRef = 40196D202E2146D8003579B6 /* DIContainer.swift */; };
		40196D2E2E2146D8003579B6 /* EditTaskView.swift in Sources */ = {isa = PBXBuildFile; fileRef = 40196D212E2146D8003579B6 /* EditTaskView.swift */; };
		40196D2F2E2146D8003579B6 /* Item.swift in Sources */ = {isa = PBXBuildFile; fileRef = 40196D222E2146D8003579B6 /* Item.swift */; };
		40196D302E2146D8003579B6 /* TaskDetailView.swift in Sources */ = {isa = PBXBuildFile; fileRef = 40196D232E2146D8003579B6 /* TaskDetailView.swift */; };
		40196D312E2146D8003579B6 /* TaskInputView.swift in Sources */ = {isa = PBXBuildFile; fileRef = 40196D242E2146D8003579B6 /* TaskInputView.swift */; };
		40196D322E2146D8003579B6 /* TodoListView.swift in Sources */ = {isa = PBXBuildFile; fileRef = 40196D252E2146D8003579B6 /* TodoListView.swift */; };
		40196D332E2146D8003579B6 /* TodoListViewModel.swift in Sources */ = {isa = PBXBuildFile; fileRef = 40196D262E2146D8003579B6 /* TodoListViewModel.swift */; };
		40196D342E2146D8003579B6 /* TodoMemoAppApp.swift in Sources */ = {isa = PBXBuildFile; fileRef = 40196D272E2146D8003579B6 /* TodoMemoAppApp.swift */; };
		40196D352E2146D8003579B6 /* Assets.xcassets in Resources */ = {isa = PBXBuildFile; fileRef = 40196D1E2E2146D8003579B6 /* Assets.xcassets */; };
		403B8F5A2E1BBC01004EE651 /* .gitignore in Resources */ = {isa = PBXBuildFile; fileRef = 403B8F592E1BBBFB004EE651 /* .gitignore */; };
/* End PBXBuildFile section */

/* Begin PBXFileReference section */
		40196D1E2E2146D8003579B6 /* Assets.xcassets */ = {isa = PBXFileReference; lastKnownFileType = folder.assetcatalog; path = Assets.xcassets; sourceTree = "<group>"; };
		40196D1F2E2146D8003579B6 /* ContentView.swift */ = {isa = PBXFileReference; lastKnownFileType = sourcecode.swift; path = ContentView.swift; sourceTree = "<group>"; };
		40196D202E2146D8003579B6 /* DIContainer.swift */ = {isa = PBXFileReference; lastKnownFileType = sourcecode.swift; path = DIContainer.swift; sourceTree = "<group>"; };
		40196D212E2146D8003579B6 /* EditTaskView.swift */ = {isa = PBXFileReference; lastKnownFileType = sourcecode.swift; path = EditTaskView.swift; sourceTree = "<group>"; };
		40196D222E2146D8003579B6 /* Item.swift */ = {isa = PBXFileReference; lastKnownFileType = sourcecode.swift; path = Item.swift; sourceTree = "<group>"; };
		40196D232E2146D8003579B6 /* TaskDetailView.swift */ = {isa = PBXFileReference; lastKnownFileType = sourcecode.swift; path = TaskDetailView.swift; sourceTree = "<group>"; };
		40196D242E2146D8003579B6 /* TaskInputView.swift */ = {isa = PBXFileReference; lastKnownFileType = sourcecode.swift; path = TaskInputView.swift; sourceTree = "<group>"; };
		40196D252E2146D8003579B6 /* TodoListView.swift */ = {isa = PBXFileReference; lastKnownFileType = sourcecode.swift; path = TodoListView.swift; sourceTree = "<group>"; };
		40196D262E2146D8003579B6 /* TodoListViewModel.swift */ = {isa = PBXFileReference; lastKnownFileType = sourcecode.swift; path = TodoListViewModel.swift; sourceTree = "<group>"; };
		40196D272E2146D8003579B6 /* TodoMemoAppApp.swift */ = {isa = PBXFileReference; lastKnownFileType = sourcecode.swift; path = TodoMemoAppApp.swift; sourceTree = "<group>"; };
		40196D282E2146D8003579B6 /* TodoRepository.swift */ = {isa = PBXFileReference; lastKnownFileType = sourcecode.swift; path = TodoRepository.swift; sourceTree = "<group>"; };
		40196D292E2146D8003579B6 /* TodoRowView.swift */ = {isa = PBXFileReference; lastKnownFileType = sourcecode.swift; path = TodoRowView.swift; sourceTree = "<group>"; };
		403B8F492E184D04004EE651 /* TodoMemoApp.app */ = {isa = PBXFileReference; explicitFileType = wrapper.application; includeInIndex = 0; path = TodoMemoApp.app; sourceTree = BUILT_PRODUCTS_DIR; };
		403B8F592E1BBBFB004EE651 /* .gitignore */ = {isa = PBXFileReference; lastKnownFileType = text; path = .gitignore; sourceTree = "<group>"; };
/* End PBXFileReference section */

/* Begin PBXFrameworksBuildPhase section */
		403B8F462E184D04004EE651 /* Frameworks */ = {
			isa = PBXFrameworksBuildPhase;
			buildActionMask = 2147483647;
			files = (
			);
			runOnlyForDeploymentPostprocessing = 0;
		};
/* End PBXFrameworksBuildPhase section */

/* Begin PBXGroup section */
		40196D392E214B42003579B6 /* TodoMemoApp */ = {
			isa = PBXGroup;
			children = (
				40196D3D2E214BB0003579B6 /* Resources */,
				40196D3C2E214B9E003579B6 /* Presentation */,
				40196D3B2E214B94003579B6 /* Domain */,
				40196D3A2E214B89003579B6 /* Application */,
			);
			path = TodoMemoApp;
			sourceTree = "<group>";
		};
		40196D3A2E214B89003579B6 /* Application */ = {
			isa = PBXGroup;
			children = (
				40196D202E2146D8003579B6 /* DIContainer.swift */,
				40196D272E2146D8003579B6 /* TodoMemoAppApp.swift */,
			);
			path = Application;
			sourceTree = "<group>";
		};
		40196D3B2E214B94003579B6 /* Domain */ = {
			isa = PBXGroup;
			children = (
				40196D3F2E214BC9003579B6 /* Repositories */,
				40196D3E2E214BC0003579B6 /* Models */,
			);
			path = Domain;
			sourceTree = "<group>";
		};
		40196D3C2E214B9E003579B6 /* Presentation */ = {
			isa = PBXGroup;
			children = (
				40196D412E214BE2003579B6 /* Views */,
				40196D402E214BDA003579B6 /* ViewModels */,
			);
			path = Presentation;
			sourceTree = "<group>";
		};
		40196D3D2E214BB0003579B6 /* Resources */ = {
			isa = PBXGroup;
			children = (
				40196D1E2E2146D8003579B6 /* Assets.xcassets */,
			);
			path = Resources;
			sourceTree = "<group>";
		};
		40196D3E2E214BC0003579B6 /* Models */ = {
			isa = PBXGroup;
			children = (
				40196D222E2146D8003579B6 /* Item.swift */,
			);
			path = Models;
			sourceTree = "<group>";
		};
		40196D3F2E214BC9003579B6 /* Repositories */ = {
			isa = PBXGroup;
			children = (
				40196D282E2146D8003579B6 /* TodoRepository.swift */,
			);
			path = Repositories;
			sourceTree = "<group>";
		};
		40196D402E214BDA003579B6 /* ViewModels */ = {
			isa = PBXGroup;
			children = (
				40196D262E2146D8003579B6 /* TodoListViewModel.swift */,
			);
			path = ViewModels;
			sourceTree = "<group>";
		};
		40196D412E214BE2003579B6 /* Views */ = {
			isa = PBXGroup;
			children = (
				40196D1F2E2146D8003579B6 /* ContentView.swift */,
				40196D212E2146D8003579B6 /* EditTaskView.swift */,
				40196D232E2146D8003579B6 /* TaskDetailView.swift */,
				40196D242E2146D8003579B6 /* TaskInputView.swift */,
				40196D252E2146D8003579B6 /* TodoListView.swift */,
				40196D292E2146D8003579B6 /* TodoRowView.swift */,
			);
			path = Views;
			sourceTree = "<group>";
		};
		403B8F402E184D04004EE651 = {
			isa = PBXGroup;
			children = (
				40196D392E214B42003579B6 /* TodoMemoApp */,
				403B8F592E1BBBFB004EE651 /* .gitignore */,
				403B8F4A2E184D04004EE651 /* Products */,
			);
			sourceTree = "<group>";
		};
		403B8F4A2E184D04004EE651 /* Products */ = {
			isa = PBXGroup;
			children = (
				403B8F492E184D04004EE651 /* TodoMemoApp.app */,
			);
			name = Products;
			sourceTree = "<group>";
		};
/* End PBXGroup section */

/* Begin PBXNativeTarget section */
		403B8F482E184D04004EE651 /* TodoMemoApp */ = {
			isa = PBXNativeTarget;
			buildConfigurationList = 403B8F562E184D05004EE651 /* Build configuration list for PBXNativeTarget "TodoMemoApp" */;
			buildPhases = (
				403B8F452E184D04004EE651 /* Sources */,
				403B8F462E184D04004EE651 /* Frameworks */,
				403B8F472E184D04004EE651 /* Resources */,
			);
			buildRules = (
			);
			dependencies = (
			);
			name = TodoMemoApp;
			packageProductDependencies = (
			);
			productName = TodoMemoApp;
			productReference = 403B8F492E184D04004EE651 /* TodoMemoApp.app */;
			productType = "com.apple.product-type.application";
		};
/* End PBXNativeTarget section */

/* Begin PBXProject section */
		403B8F412E184D04004EE651 /* Project object */ = {
			isa = PBXProject;
			attributes = {
				BuildIndependentTargetsInParallel = 1;
				LastSwiftUpdateCheck = 1640;
				LastUpgradeCheck = 1640;
				TargetAttributes = {
					403B8F482E184D04004EE651 = {
						CreatedOnToolsVersion = 16.4;
					};
				};
			};
			buildConfigurationList = 403B8F442E184D04004EE651 /* Build configuration list for PBXProject "TodoMemoApp" */;
			developmentRegion = en;
			hasScannedForEncodings = 0;
			knownRegions = (
				en,
				Base,
			);
			mainGroup = 403B8F402E184D04004EE651;
			minimizedProjectReferenceProxies = 1;
			preferredProjectObjectVersion = 77;
			productRefGroup = 403B8F4A2E184D04004EE651 /* Products */;
			projectDirPath = "";
			projectRoot = "";
			targets = (
				403B8F482E184D04004EE651 /* TodoMemoApp */,
			);
		};
/* End PBXProject section */

/* Begin PBXResourcesBuildPhase section */
		403B8F472E184D04004EE651 /* Resources */ = {
			isa = PBXResourcesBuildPhase;
			buildActionMask = 2147483647;
			files = (
				40196D352E2146D8003579B6 /* Assets.xcassets in Resources */,
				403B8F5A2E1BBC01004EE651 /* .gitignore in Resources */,
			);
			runOnlyForDeploymentPostprocessing = 0;
		};
/* End PBXResourcesBuildPhase section */

/* Begin PBXSourcesBuildPhase section */
		403B8F452E184D04004EE651 /* Sources */ = {
			isa = PBXSourcesBuildPhase;
			buildActionMask = 2147483647;
			files = (
				40196D2A2E2146D8003579B6 /* TodoRepository.swift in Sources */,
				40196D2B2E2146D8003579B6 /* TodoRowView.swift in Sources */,
				40196D2C2E2146D8003579B6 /* ContentView.swift in Sources */,
				40196D2D2E2146D8003579B6 /* DIContainer.swift in Sources */,
				40196D2E2E2146D8003579B6 /* EditTaskView.swift in Sources */,
				40196D2F2E2146D8003579B6 /* Item.swift in Sources */,
				40196D302E2146D8003579B6 /* TaskDetailView.swift in Sources */,
				40196D312E2146D8003579B6 /* TaskInputView.swift in Sources */,
				40196D322E2146D8003579B6 /* TodoListView.swift in Sources */,
				40196D332E2146D8003579B6 /* TodoListViewModel.swift in Sources */,
				40196D342E2146D8003579B6 /* TodoMemoAppApp.swift in Sources */,
			);
			runOnlyForDeploymentPostprocessing = 0;
		};
/* End PBXSourcesBuildPhase section */

/* Begin XCBuildConfiguration section */
		403B8F542E184D05004EE651 /* Debug */ = {
			isa = XCBuildConfiguration;
			buildSettings = {
				ALWAYS_SEARCH_USER_PATHS = NO;
				ASSETCATALOG_COMPILER_GENERATE_SWIFT_ASSET_SYMBOL_EXTENSIONS = YES;
				CLANG_ANALYZER_NONNULL = YES;
				CLANG_ANALYZER_NUMBER_OBJECT_CONVERSION = YES_AGGRESSIVE;
				CLANG_CXX_LANGUAGE_STANDARD = "gnu++20";
				CLANG_ENABLE_MODULES = YES;
				CLANG_ENABLE_OBJC_ARC = YES;
				CLANG_ENABLE_OBJC_WEAK = YES;
				CLANG_WARN_BLOCK_CAPTURE_AUTORELEASING = YES;
				CLANG_WARN_BOOL_CONVERSION = YES;
				CLANG_WARN_COMMA = YES;
				CLANG_WARN_CONSTANT_CONVERSION = YES;
				CLANG_WARN_DEPRECATED_OBJC_IMPLEMENTATIONS = YES;
				CLANG_WARN_DIRECT_OBJC_ISA_USAGE = YES_ERROR;
				CLANG_WARN_DOCUMENTATION_COMMENTS = YES;
				CLANG_WARN_EMPTY_BODY = YES;
				CLANG_WARN_ENUM_CONVERSION = YES;
				CLANG_WARN_INFINITE_RECURSION = YES;
				CLANG_WARN_INT_CONVERSION = YES;
				CLANG_WARN_NON_LITERAL_NULL_CONVERSION = YES;
				CLANG_WARN_OBJC_IMPLICIT_RETAIN_SELF = YES;
				CLANG_WARN_OBJC_LITERAL_CONVERSION = YES;
				CLANG_WARN_OBJC_ROOT_CLASS = YES_ERROR;
				CLANG_WARN_QUOTED_INCLUDE_IN_FRAMEWORK_HEADER = YES;
				CLANG_WARN_RANGE_LOOP_ANALYSIS = YES;
				CLANG_WARN_STRICT_PROTOTYPES = YES;
				CLANG_WARN_SUSPICIOUS_MOVE = YES;
				CLANG_WARN_UNGUARDED_AVAILABILITY = YES_AGGRESSIVE;
				CLANG_WARN_UNREACHABLE_CODE = YES;
				CLANG_WARN__DUPLICATE_METHOD_MATCH = YES;
				COPY_PHASE_STRIP = NO;
				DEBUG_INFORMATION_FORMAT = dwarf;
				ENABLE_STRICT_OBJC_MSGSEND = YES;
				ENABLE_TESTABILITY = YES;
				ENABLE_USER_SCRIPT_SANDBOXING = YES;
				GCC_C_LANGUAGE_STANDARD = gnu17;
				GCC_DYNAMIC_NO_PIC = NO;
				GCC_NO_COMMON_BLOCKS = YES;
				GCC_OPTIMIZATION_LEVEL = 0;
				GCC_PREPROCESSOR_DEFINITIONS = (
					"DEBUG=1",
					"$(inherited)",
				);
				GCC_WARN_64_TO_32_BIT_CONVERSION = YES;
				GCC_WARN_ABOUT_RETURN_TYPE = YES_ERROR;
				GCC_WARN_UNDECLARED_SELECTOR = YES;
				GCC_WARN_UNINITIALIZED_AUTOS = YES_AGGRESSIVE;
				GCC_WARN_UNUSED_FUNCTION = YES;
				GCC_WARN_UNUSED_VARIABLE = YES;
				IPHONEOS_DEPLOYMENT_TARGET = 18.5;
				LOCALIZATION_PREFERS_STRING_CATALOGS = YES;
				MTL_ENABLE_DEBUG_INFO = INCLUDE_SOURCE;
				MTL_FAST_MATH = YES;
				ONLY_ACTIVE_ARCH = YES;
				SDKROOT = iphoneos;
				SWIFT_ACTIVE_COMPILATION_CONDITIONS = "DEBUG $(inherited)";
				SWIFT_OPTIMIZATION_LEVEL = "-Onone";
			};
			name = Debug;
		};
		403B8F552E184D05004EE651 /* Release */ = {
			isa = XCBuildConfiguration;
			buildSettings = {
				ALWAYS_SEARCH_USER_PATHS = NO;
				ASSETCATALOG_COMPILER_GENERATE_SWIFT_ASSET_SYMBOL_EXTENSIONS = YES;
				CLANG_ANALYZER_NONNULL = YES;
				CLANG_ANALYZER_NUMBER_OBJECT_CONVERSION = YES_AGGRESSIVE;
				CLANG_CXX_LANGUAGE_STANDARD = "gnu++20";
				CLANG_ENABLE_MODULES = YES;
				CLANG_ENABLE_OBJC_ARC = YES;
				CLANG_ENABLE_OBJC_WEAK = YES;
				CLANG_WARN_BLOCK_CAPTURE_AUTORELEASING = YES;
				CLANG_WARN_BOOL_CONVERSION = YES;
				CLANG_WARN_COMMA = YES;
				CLANG_WARN_CONSTANT_CONVERSION = YES;
				CLANG_WARN_DEPRECATED_OBJC_IMPLEMENTATIONS = YES;
				CLANG_WARN_DIRECT_OBJC_ISA_USAGE = YES_ERROR;
				CLANG_WARN_DOCUMENTATION_COMMENTS = YES;
				CLANG_WARN_EMPTY_BODY = YES;
				CLANG_WARN_ENUM_CONVERSION = YES;
				CLANG_WARN_INFINITE_RECURSION = YES;
				CLANG_WARN_INT_CONVERSION = YES;
				CLANG_WARN_NON_LITERAL_NULL_CONVERSION = YES;
				CLANG_WARN_OBJC_IMPLICIT_RETAIN_SELF = YES;
				CLANG_WARN_OBJC_LITERAL_CONVERSION = YES;
				CLANG_WARN_OBJC_ROOT_CLASS = YES_ERROR;
				CLANG_WARN_QUOTED_INCLUDE_IN_FRAMEWORK_HEADER = YES;
				CLANG_WARN_RANGE_LOOP_ANALYSIS = YES;
				CLANG_WARN_STRICT_PROTOTYPES = YES;
				CLANG_WARN_SUSPICIOUS_MOVE = YES;
				CLANG_WARN_UNGUARDED_AVAILABILITY = YES_AGGRESSIVE;
				CLANG_WARN_UNREACHABLE_CODE = YES;
				CLANG_WARN__DUPLICATE_METHOD_MATCH = YES;
				COPY_PHASE_STRIP = NO;
				DEBUG_INFORMATION_FORMAT = "dwarf-with-dsym";
				ENABLE_NS_ASSERTIONS = NO;
				ENABLE_STRICT_OBJC_MSGSEND = YES;
				ENABLE_USER_SCRIPT_SANDBOXING = YES;
				GCC_C_LANGUAGE_STANDARD = gnu17;
				GCC_NO_COMMON_BLOCKS = YES;
				GCC_WARN_64_TO_32_BIT_CONVERSION = YES;
				GCC_WARN_ABOUT_RETURN_TYPE = YES_ERROR;
				GCC_WARN_UNDECLARED_SELECTOR = YES;
				GCC_WARN_UNINITIALIZED_AUTOS = YES_AGGRESSIVE;
				GCC_WARN_UNUSED_FUNCTION = YES;
				GCC_WARN_UNUSED_VARIABLE = YES;
				IPHONEOS_DEPLOYMENT_TARGET = 18.5;
				LOCALIZATION_PREFERS_STRING_CATALOGS = YES;
				MTL_ENABLE_DEBUG_INFO = NO;
				MTL_FAST_MATH = YES;
				SDKROOT = iphoneos;
				SWIFT_COMPILATION_MODE = wholemodule;
				VALIDATE_PRODUCT = YES;
			};
			name = Release;
		};
		403B8F572E184D05004EE651 /* Debug */ = {
			isa = XCBuildConfiguration;
			buildSettings = {
				ASSETCATALOG_COMPILER_APPICON_NAME = AppIcon;
				ASSETCATALOG_COMPILER_GLOBAL_ACCENT_COLOR_NAME = AccentColor;
				CODE_SIGN_STYLE = Automatic;
				CURRENT_PROJECT_VERSION = 1;
				ENABLE_PREVIEWS = YES;
				GENERATE_INFOPLIST_FILE = YES;
				INFOPLIST_KEY_UIApplicationSceneManifest_Generation = YES;
				INFOPLIST_KEY_UIApplicationSupportsIndirectInputEvents = YES;
				INFOPLIST_KEY_UILaunchScreen_Generation = YES;
				INFOPLIST_KEY_UISupportedInterfaceOrientations_iPad = "UIInterfaceOrientationPortrait UIInterfaceOrientationPortraitUpsideDown UIInterfaceOrientationLandscapeLeft UIInterfaceOrientationLandscapeRight";
				INFOPLIST_KEY_UISupportedInterfaceOrientations_iPhone = "UIInterfaceOrientationPortrait UIInterfaceOrientationLandscapeLeft UIInterfaceOrientationLandscapeRight";
				LD_RUNPATH_SEARCH_PATHS = (
					"$(inherited)",
					"@executable_path/Frameworks",
				);
				MARKETING_VERSION = 1.0;
				PRODUCT_BUNDLE_IDENTIFIER = massan.TodoMemoApp;
				PRODUCT_NAME = "$(TARGET_NAME)";
				SWIFT_EMIT_LOC_STRINGS = YES;
				SWIFT_VERSION = 5.0;
				TARGETED_DEVICE_FAMILY = "1,2";
			};
			name = Debug;
		};
		403B8F582E184D05004EE651 /* Release */ = {
			isa = XCBuildConfiguration;
			buildSettings = {
				ASSETCATALOG_COMPILER_APPICON_NAME = AppIcon;
				ASSETCATALOG_COMPILER_GLOBAL_ACCENT_COLOR_NAME = AccentColor;
				CODE_SIGN_STYLE = Automatic;
				CURRENT_PROJECT_VERSION = 1;
				ENABLE_PREVIEWS = YES;
				GENERATE_INFOPLIST_FILE = YES;
				INFOPLIST_KEY_UIApplicationSceneManifest_Generation = YES;
				INFOPLIST_KEY_UIApplicationSupportsIndirectInputEvents = YES;
				INFOPLIST_KEY_UILaunchScreen_Generation = YES;
				INFOPLIST_KEY_UISupportedInterfaceOrientations_iPad = "UIInterfaceOrientationPortrait UIInterfaceOrientationPortraitUpsideDown UIInterfaceOrientationLandscapeLeft UIInterfaceOrientationLandscapeRight";
				INFOPLIST_KEY_UISupportedInterfaceOrientations_iPhone = "UIInterfaceOrientationPortrait UIInterfaceOrientationLandscapeLeft UIInterfaceOrientationLandscapeRight";
				LD_RUNPATH_SEARCH_PATHS = (
					"$(inherited)",
					"@executable_path/Frameworks",
				);
				MARKETING_VERSION = 1.0;
				PRODUCT_BUNDLE_IDENTIFIER = massan.TodoMemoApp;
				PRODUCT_NAME = "$(TARGET_NAME)";
				SWIFT_EMIT_LOC_STRINGS = YES;
				SWIFT_VERSION = 5.0;
				TARGETED_DEVICE_FAMILY = "1,2";
			};
			name = Release;
		};
/* End XCBuildConfiguration section */

/* Begin XCConfigurationList section */
		403B8F442E184D04004EE651 /* Build configuration list for PBXProject "TodoMemoApp" */ = {
			isa = XCConfigurationList;
			buildConfigurations = (
				403B8F542E184D05004EE651 /* Debug */,
				403B8F552E184D05004EE651 /* Release */,
			);
			defaultConfigurationIsVisible = 0;
			defaultConfigurationName = Release;
		};
		403B8F562E184D05004EE651 /* Build configuration list for PBXNativeTarget "TodoMemoApp" */ = {
			isa = XCConfigurationList;
			buildConfigurations = (
				403B8F572E184D05004EE651 /* Debug */,
				403B8F582E184D05004EE651 /* Release */,
			);
			defaultConfigurationIsVisible = 0;
			defaultConfigurationName = Release;
		};
/* End XCConfigurationList section */
	};
	rootObject = 403B8F412E184D04004EE651 /* Project object */;
}
